
Microsoft Visual Studio Solution File, Format Version 11.00
# Visual Studio 2010
Project("{FAE04EC0-301F-11D3-BF4B-00C04F79EFBC}") = "OvalDefinitionsGenerator", "OvalDefinitionsGenerator\OvalDefinitionsGenerator.csproj", "{F51D91AD-CCB6-4558-81B8-163EB4520996}"
EndProject
Global
	GlobalSection(TeamFoundationVersionControl) = preSolution
		SccNumberOfProjects = 2
		SccEnterpriseProvider = {4CA58AB2-18FA-4F8D-95D4-32DDF27D184C}
		SccTeamFoundationServer = http://172.16.1.13:8080/tfs/ngprojects
		SccLocalPath0 = .
		SccProjectUniqueName1 = OvalDefinitionsGenerator\\OvalDefinitionsGenerator.csproj
		SccProjectName1 = OvalDefinitionsGenerator
		SccLocalPath1 = OvalDefinitionsGenerator
	EndGlobalSection
	GlobalSection(SolutionConfigurationPlatforms) = preSolution
		Debug|x86 = Debug|x86
		Release|x86 = Release|x86
	EndGlobalSection
	GlobalSection(ProjectConfigurationPlatforms) = postSolution
		{F51D91AD-CCB6-4558-81B8-163EB4520996}.Debug|x86.ActiveCfg = Debug|x86
		{F51D91AD-CCB6-4558-81B8-163EB4520996}.Debug|x86.Build.0 = Debug|x86
		{F51D91AD-CCB6-4558-81B8-163EB4520996}.Release|x86.ActiveCfg = Release|x86
		{F51D91AD-CCB6-4558-81B8-163EB4520996}.Release|x86.Build.0 = Release|x86
	EndGlobalSection
	GlobalSection(SolutionProperties) = preSolution
		HideSolutionNode = FALSE
	EndGlobalSection
EndGlobal
