
Microsoft Visual Studio Solution File, Format Version 11.00
# Visual Studio 2010
Project("{FAE04EC0-301F-11D3-BF4B-00C04F79EFBC}") = "Modulo.Collect.Service.Tests", "Modulo.Collect.Service.Tests\Modulo.Collect.Service.Tests.csproj", "{7A75459D-5250-4302-83DB-3A376CD6F16A}"
EndProject
Project("{FAE04EC0-301F-11D3-BF4B-00C04F79EFBC}") = "Modulo.Collect.Probe.Common", "Modulo.Collect.Probe.Common\Modulo.Collect.Probe.Common.csproj", "{DF2B4873-DDAB-4F47-9C4F-5B93FE1214CF}"
EndProject
Project("{FAE04EC0-301F-11D3-BF4B-00C04F79EFBC}") = "Modulo.Collect.Probe.Windows", "Modulo.Collect.Probe.Windows\Modulo.Collect.Probe.Windows.csproj", "{90AEBC71-27DD-4620-9B3C-234483E6B024}"
EndProject
Project("{FAE04EC0-301F-11D3-BF4B-00C04F79EFBC}") = "Modulo.Collect.Probe.Common.Test", "Modulo.Collect.Probe.Common.Test\Modulo.Collect.Probe.Common.Test.csproj", "{7E364628-6531-4BCA-A074-302756CB772D}"
EndProject
Project("{FAE04EC0-301F-11D3-BF4B-00C04F79EFBC}") = "Modulo.Collect.Probe.Unix", "Modulo.Collect.Probe.Unix\Modulo.Collect.Probe.Unix.csproj", "{21773E49-CB1C-4346-A598-535F7A96FDB3}"
EndProject
Project("{FAE04EC0-301F-11D3-BF4B-00C04F79EFBC}") = "Modulo.Collect.Probe.Independent", "Modulo.Collect.Probe.Independent\Modulo.Collect.Probe.Independent.csproj", "{890332AF-A755-40F1-B95A-B20CB45EB465}"
EndProject
Project("{2150E333-8FDC-42A3-9474-1A3956D46DE8}") = "Oval", "Oval", "{B0D6696F-1F59-4983-840F-579EA21B2F1D}"
EndProject
Project("{2150E333-8FDC-42A3-9474-1A3956D46DE8}") = "Probes", "Probes", "{F597E026-1B7C-46F5-8462-D817BF878CA5}"
EndProject
Project("{2150E333-8FDC-42A3-9474-1A3956D46DE8}") = "Service", "Service", "{C9ACADB8-4B37-4B87-B306-2B5FEBC1579A}"
EndProject
Project("{2150E333-8FDC-42A3-9474-1A3956D46DE8}") = "Tests", "Tests", "{124830AF-7F31-4407-AF52-A44105A2E44A}"
EndProject
Project("{FAE04EC0-301F-11D3-BF4B-00C04F79EFBC}") = "Modulo.Collect.OVAL.Tests", "Modulo.Collect.OVAL.Tests\Modulo.Collect.OVAL.Tests.csproj", "{DB52A576-494B-4E0B-B365-F93B94BED8DC}"
EndProject
Project("{FAE04EC0-301F-11D3-BF4B-00C04F79EFBC}") = "Modulo.Collect.Probe.Solaris", "Modulo.Collect.Probe.Solaris\Modulo.Collect.Probe.Solaris.csproj", "{FBB71CC6-E48C-483D-A3D6-3B19F3FF1FCA}"
EndProject
Project("{2150E333-8FDC-42A3-9474-1A3956D46DE8}") = "Installer", "Installer", "{775F7750-357A-43AB-BA15-8D6BC0381BFF}"
EndProject
Project("{930C7802-8A8C-48F9-8165-68863BCCD9DD}") = "Modulo.Collect.Service.Wix", "Modulo.Collect.Service.Wix\Modulo.Collect.Service.Wix.wixproj", "{279C6CE3-C71E-455B-9056-A67BEC887150}"
	ProjectSection(ProjectDependencies) = postProject
		{17030B13-7AD0-48B2-B3D7-9F2FFDEF3AE2} = {17030B13-7AD0-48B2-B3D7-9F2FFDEF3AE2}
	EndProjectSection
EndProject
Project("{FAE04EC0-301F-11D3-BF4B-00C04F79EFBC}") = "Modulo.Collect.Service.CustomAction", "Modulo.Collect.Service.GetCertificateAction\Modulo.Collect.Service.CustomAction.csproj", "{17030B13-7AD0-48B2-B3D7-9F2FFDEF3AE2}"
EndProject
Project("{FAE04EC0-301F-11D3-BF4B-00C04F79EFBC}") = "UsersSectionBuilder", "UsersSectionBuilder\UsersSectionBuilder.csproj", "{19000E95-AAD7-4077-803D-DEE8D6D7EE68}"
EndProject
Project("{FAE04EC0-301F-11D3-BF4B-00C04F79EFBC}") = "Collect.OVAL", "Modulo.Collect.OVAL\Collect.OVAL.csproj", "{A12EA1DD-0873-42CE-BC20-FE0F0B2D04B9}"
EndProject
Project("{2150E333-8FDC-42A3-9474-1A3956D46DE8}") = "Solution Items", "Solution Items", "{804A76D3-3FF8-4FCC-B470-CF7B1EDE1424}"
	ProjectSection(SolutionItems) = preProject
		Modulo.Collect.Service.VS2010.vsmdi = Modulo.Collect.Service.VS2010.vsmdi
		testsettings-code_coverage.testsettings = testsettings-code_coverage.testsettings
		TestSettings1.testsettings = TestSettings1.testsettings
	EndProjectSection
EndProject
Project("{FAE04EC0-301F-11D3-BF4B-00C04F79EFBC}") = "Service.Client", "Modulo.Collect.Service.API\Service.Client.csproj", "{9ED402D7-9753-4198-A97D-DC36253C1FD3}"
EndProject
Project("{FAE04EC0-301F-11D3-BF4B-00C04F79EFBC}") = "Modulo.Collect.Service.API.Tests", "Modulo.Collect.Service.API.Tests\Modulo.Collect.Service.API.Tests.csproj", "{470BFD47-3B62-468D-9C9A-2F3B501FF502}"
EndProject
Project("{FAE04EC0-301F-11D3-BF4B-00C04F79EFBC}") = "Modulo.Collect.ClientConsole", "Modulo.Collect.Console\Modulo.Collect.ClientConsole.csproj", "{5FA7A841-7B55-41A4-891A-BFCEE34D6287}"
EndProject
Project("{FAE04EC0-301F-11D3-BF4B-00C04F79EFBC}") = "Modulo.Collect.Probe.CiscoIOS", "Modulo.Collect.Probe.CiscoIOS\Modulo.Collect.Probe.CiscoIOS.csproj", "{F5B596BF-9173-4D64-8206-D73275457E7A}"
EndProject
Project("{FAE04EC0-301F-11D3-BF4B-00C04F79EFBC}") = "Modulo.Collect.ClientConsole.Tests", "Modulo.Collect.ClientConsole.Tests\Modulo.Collect.ClientConsole.Tests.csproj", "{FA875F12-A182-4515-BE1F-B08014D4E842}"
EndProject
Project("{FAE04EC0-301F-11D3-BF4B-00C04F79EFBC}") = "Modulo.Collect.Service.Contract", "Modulo.Collect.Service.Contract\Modulo.Collect.Service.Contract.csproj", "{64B59D3B-AE0B-472A-8819-B326BD7152A3}"
EndProject
Project("{FAE04EC0-301F-11D3-BF4B-00C04F79EFBC}") = "Modulo.Collect.Service", "Modulo.Collect.Service\Modulo.Collect.Service.csproj", "{40744AE0-A1D6-41CC-963B-9F39001DE114}"
EndProject
Project("{2150E333-8FDC-42A3-9474-1A3956D46DE8}") = "Xtet", "Xtet", "{675CC0BE-562D-4302-A16C-6AD0131F22E3}"
EndProject
Project("{FAE04EC0-301F-11D3-BF4B-00C04F79EFBC}") = "Modulo.Collect.OVAL.Xtet", "Modulo.Collect.OVAL.Xtet\Modulo.Collect.OVAL.Xtet.csproj", "{AF4996C0-9DA6-4D61-BBD9-2AE052806426}"
EndProject
Project("{FAE04EC0-301F-11D3-BF4B-00C04F79EFBC}") = "Modulo.Collect.Probe.Xtet", "Modulo.Collect.Probe.Xtet\Modulo.Collect.Probe.Xtet.csproj", "{2B828584-ACAA-4E43-AE24-4F649FCC0BC3}"
EndProject
Project("{FAE04EC0-301F-11D3-BF4B-00C04F79EFBC}") = "Modulo.Collect.Probe.Xtet.Test", "Modulo.Collect.Probe.Xtet.Test\Modulo.Collect.Probe.Xtet.Test.csproj", "{AA168441-AEBF-4A5D-8F1C-01EBAE5C0C23}"
EndProject
Project("{FAE04EC0-301F-11D3-BF4B-00C04F79EFBC}") = "Modulo.Collect.GraphicalConsole", "Modulo.Collect.GraphicalConsole\Modulo.Collect.GraphicalConsole.csproj", "{A284065F-B6F8-4373-BA92-FABBB483C8FB}"
EndProject
Project("{FAE04EC0-301F-11D3-BF4B-00C04F79EFBC}") = "Modulo.Collect.GraphicalConsole.Tests", "Modulo.Collect.GraphicalConsole.Tests\Modulo.Collect.GraphicalConsole.Tests.csproj", "{AC4BBE11-B963-41BE-A2BF-9FB5535CB0AD}"
EndProject
Project("{FAE04EC0-301F-11D3-BF4B-00C04F79EFBC}") = "Modulo.Collect.TestHelper", "Modulo.Collect.TestHelper\Modulo.Collect.TestHelper.csproj", "{8A636A4A-21D9-4C6B-8F83-A01A842600B9}"
EndProject
Project("{2150E333-8FDC-42A3-9474-1A3956D46DE8}") = ".nuget", ".nuget", "{72824292-345C-4B5A-88A8-FEC31C238F3C}"
EndProject
Global
	GlobalSection(TestCaseManagementSettings) = postSolution
		CategoryFile = Modulo.Collect.Service.VS2010.vsmdi
	EndGlobalSection
	GlobalSection(SolutionConfigurationPlatforms) = preSolution
		Debug|Any CPU = Debug|Any CPU
		Debug|Mixed Platforms = Debug|Mixed Platforms
		Debug|x86 = Debug|x86
		Release|Any CPU = Release|Any CPU
		Release|Mixed Platforms = Release|Mixed Platforms
		Release|x86 = Release|x86
	EndGlobalSection
	GlobalSection(ProjectConfigurationPlatforms) = postSolution
		{7A75459D-5250-4302-83DB-3A376CD6F16A}.Debug|Any CPU.ActiveCfg = Debug|Any CPU
		{7A75459D-5250-4302-83DB-3A376CD6F16A}.Debug|Any CPU.Build.0 = Debug|Any CPU
		{7A75459D-5250-4302-83DB-3A376CD6F16A}.Debug|Mixed Platforms.ActiveCfg = Debug|Any CPU
		{7A75459D-5250-4302-83DB-3A376CD6F16A}.Debug|Mixed Platforms.Build.0 = Debug|Any CPU
		{7A75459D-5250-4302-83DB-3A376CD6F16A}.Debug|x86.ActiveCfg = Debug|Any CPU
		{7A75459D-5250-4302-83DB-3A376CD6F16A}.Debug|x86.Build.0 = Debug|Any CPU
		{7A75459D-5250-4302-83DB-3A376CD6F16A}.Release|Any CPU.ActiveCfg = Release|Any CPU
		{7A75459D-5250-4302-83DB-3A376CD6F16A}.Release|Any CPU.Build.0 = Release|Any CPU
		{7A75459D-5250-4302-83DB-3A376CD6F16A}.Release|Mixed Platforms.ActiveCfg = Release|Any CPU
		{7A75459D-5250-4302-83DB-3A376CD6F16A}.Release|Mixed Platforms.Build.0 = Release|Any CPU
		{7A75459D-5250-4302-83DB-3A376CD6F16A}.Release|x86.ActiveCfg = Release|Any CPU
		{DF2B4873-DDAB-4F47-9C4F-5B93FE1214CF}.Debug|Any CPU.ActiveCfg = Debug|Any CPU
		{DF2B4873-DDAB-4F47-9C4F-5B93FE1214CF}.Debug|Any CPU.Build.0 = Debug|Any CPU
		{DF2B4873-DDAB-4F47-9C4F-5B93FE1214CF}.Debug|Mixed Platforms.ActiveCfg = Debug|Any CPU
		{DF2B4873-DDAB-4F47-9C4F-5B93FE1214CF}.Debug|Mixed Platforms.Build.0 = Debug|Any CPU
		{DF2B4873-DDAB-4F47-9C4F-5B93FE1214CF}.Debug|x86.ActiveCfg = Debug|Any CPU
		{DF2B4873-DDAB-4F47-9C4F-5B93FE1214CF}.Debug|x86.Build.0 = Debug|Any CPU
		{DF2B4873-DDAB-4F47-9C4F-5B93FE1214CF}.Release|Any CPU.ActiveCfg = Release|Any CPU
		{DF2B4873-DDAB-4F47-9C4F-5B93FE1214CF}.Release|Any CPU.Build.0 = Release|Any CPU
		{DF2B4873-DDAB-4F47-9C4F-5B93FE1214CF}.Release|Mixed Platforms.ActiveCfg = Release|Any CPU
		{DF2B4873-DDAB-4F47-9C4F-5B93FE1214CF}.Release|Mixed Platforms.Build.0 = Release|Any CPU
		{DF2B4873-DDAB-4F47-9C4F-5B93FE1214CF}.Release|x86.ActiveCfg = Release|Any CPU
		{90AEBC71-27DD-4620-9B3C-234483E6B024}.Debug|Any CPU.ActiveCfg = Debug|Any CPU
		{90AEBC71-27DD-4620-9B3C-234483E6B024}.Debug|Any CPU.Build.0 = Debug|Any CPU
		{90AEBC71-27DD-4620-9B3C-234483E6B024}.Debug|Mixed Platforms.ActiveCfg = Debug|Any CPU
		{90AEBC71-27DD-4620-9B3C-234483E6B024}.Debug|Mixed Platforms.Build.0 = Debug|Any CPU
		{90AEBC71-27DD-4620-9B3C-234483E6B024}.Debug|x86.ActiveCfg = Debug|Any CPU
		{90AEBC71-27DD-4620-9B3C-234483E6B024}.Debug|x86.Build.0 = Debug|Any CPU
		{90AEBC71-27DD-4620-9B3C-234483E6B024}.Release|Any CPU.ActiveCfg = Release|Any CPU
		{90AEBC71-27DD-4620-9B3C-234483E6B024}.Release|Any CPU.Build.0 = Release|Any CPU
		{90AEBC71-27DD-4620-9B3C-234483E6B024}.Release|Mixed Platforms.ActiveCfg = Release|Any CPU
		{90AEBC71-27DD-4620-9B3C-234483E6B024}.Release|Mixed Platforms.Build.0 = Release|Any CPU
		{90AEBC71-27DD-4620-9B3C-234483E6B024}.Release|x86.ActiveCfg = Release|Any CPU
		{7E364628-6531-4BCA-A074-302756CB772D}.Debug|Any CPU.ActiveCfg = Debug|Any CPU
		{7E364628-6531-4BCA-A074-302756CB772D}.Debug|Any CPU.Build.0 = Debug|Any CPU
		{7E364628-6531-4BCA-A074-302756CB772D}.Debug|Mixed Platforms.ActiveCfg = Debug|Any CPU
		{7E364628-6531-4BCA-A074-302756CB772D}.Debug|Mixed Platforms.Build.0 = Debug|Any CPU
		{7E364628-6531-4BCA-A074-302756CB772D}.Debug|x86.ActiveCfg = Debug|Any CPU
		{7E364628-6531-4BCA-A074-302756CB772D}.Debug|x86.Build.0 = Debug|Any CPU
		{7E364628-6531-4BCA-A074-302756CB772D}.Release|Any CPU.ActiveCfg = Release|Any CPU
		{7E364628-6531-4BCA-A074-302756CB772D}.Release|Any CPU.Build.0 = Release|Any CPU
		{7E364628-6531-4BCA-A074-302756CB772D}.Release|Mixed Platforms.ActiveCfg = Release|Any CPU
		{7E364628-6531-4BCA-A074-302756CB772D}.Release|Mixed Platforms.Build.0 = Release|Any CPU
		{7E364628-6531-4BCA-A074-302756CB772D}.Release|x86.ActiveCfg = Release|Any CPU
		{21773E49-CB1C-4346-A598-535F7A96FDB3}.Debug|Any CPU.ActiveCfg = Debug|Any CPU
		{21773E49-CB1C-4346-A598-535F7A96FDB3}.Debug|Any CPU.Build.0 = Debug|Any CPU
		{21773E49-CB1C-4346-A598-535F7A96FDB3}.Debug|Mixed Platforms.ActiveCfg = Debug|Any CPU
		{21773E49-CB1C-4346-A598-535F7A96FDB3}.Debug|Mixed Platforms.Build.0 = Debug|Any CPU
		{21773E49-CB1C-4346-A598-535F7A96FDB3}.Debug|x86.ActiveCfg = Debug|Any CPU
		{21773E49-CB1C-4346-A598-535F7A96FDB3}.Debug|x86.Build.0 = Debug|Any CPU
		{21773E49-CB1C-4346-A598-535F7A96FDB3}.Release|Any CPU.ActiveCfg = Release|Any CPU
		{21773E49-CB1C-4346-A598-535F7A96FDB3}.Release|Any CPU.Build.0 = Release|Any CPU
		{21773E49-CB1C-4346-A598-535F7A96FDB3}.Release|Mixed Platforms.ActiveCfg = Release|Any CPU
		{21773E49-CB1C-4346-A598-535F7A96FDB3}.Release|Mixed Platforms.Build.0 = Release|Any CPU
		{21773E49-CB1C-4346-A598-535F7A96FDB3}.Release|x86.ActiveCfg = Release|Any CPU
		{890332AF-A755-40F1-B95A-B20CB45EB465}.Debug|Any CPU.ActiveCfg = Debug|Any CPU
		{890332AF-A755-40F1-B95A-B20CB45EB465}.Debug|Any CPU.Build.0 = Debug|Any CPU
		{890332AF-A755-40F1-B95A-B20CB45EB465}.Debug|Mixed Platforms.ActiveCfg = Debug|Any CPU
		{890332AF-A755-40F1-B95A-B20CB45EB465}.Debug|Mixed Platforms.Build.0 = Debug|Any CPU
		{890332AF-A755-40F1-B95A-B20CB45EB465}.Debug|x86.ActiveCfg = Debug|x86
		{890332AF-A755-40F1-B95A-B20CB45EB465}.Debug|x86.Build.0 = Debug|x86
		{890332AF-A755-40F1-B95A-B20CB45EB465}.Release|Any CPU.ActiveCfg = Release|Any CPU
		{890332AF-A755-40F1-B95A-B20CB45EB465}.Release|Any CPU.Build.0 = Release|Any CPU
		{890332AF-A755-40F1-B95A-B20CB45EB465}.Release|Mixed Platforms.ActiveCfg = Release|Any CPU
		{890332AF-A755-40F1-B95A-B20CB45EB465}.Release|Mixed Platforms.Build.0 = Release|Any CPU
		{890332AF-A755-40F1-B95A-B20CB45EB465}.Release|x86.ActiveCfg = Release|Any CPU
		{DB52A576-494B-4E0B-B365-F93B94BED8DC}.Debug|Any CPU.ActiveCfg = Debug|Any CPU
		{DB52A576-494B-4E0B-B365-F93B94BED8DC}.Debug|Any CPU.Build.0 = Debug|Any CPU
		{DB52A576-494B-4E0B-B365-F93B94BED8DC}.Debug|Mixed Platforms.ActiveCfg = Debug|Any CPU
		{DB52A576-494B-4E0B-B365-F93B94BED8DC}.Debug|Mixed Platforms.Build.0 = Debug|Any CPU
		{DB52A576-494B-4E0B-B365-F93B94BED8DC}.Debug|x86.ActiveCfg = Debug|Any CPU
		{DB52A576-494B-4E0B-B365-F93B94BED8DC}.Debug|x86.Build.0 = Debug|Any CPU
		{DB52A576-494B-4E0B-B365-F93B94BED8DC}.Release|Any CPU.ActiveCfg = Release|Any CPU
		{DB52A576-494B-4E0B-B365-F93B94BED8DC}.Release|Any CPU.Build.0 = Release|Any CPU
		{DB52A576-494B-4E0B-B365-F93B94BED8DC}.Release|Mixed Platforms.ActiveCfg = Release|Any CPU
		{DB52A576-494B-4E0B-B365-F93B94BED8DC}.Release|Mixed Platforms.Build.0 = Release|Any CPU
		{DB52A576-494B-4E0B-B365-F93B94BED8DC}.Release|x86.ActiveCfg = Release|Any CPU
		{FBB71CC6-E48C-483D-A3D6-3B19F3FF1FCA}.Debug|Any CPU.ActiveCfg = Debug|Any CPU
		{FBB71CC6-E48C-483D-A3D6-3B19F3FF1FCA}.Debug|Any CPU.Build.0 = Debug|Any CPU
		{FBB71CC6-E48C-483D-A3D6-3B19F3FF1FCA}.Debug|Mixed Platforms.ActiveCfg = Debug|Any CPU
		{FBB71CC6-E48C-483D-A3D6-3B19F3FF1FCA}.Debug|Mixed Platforms.Build.0 = Debug|Any CPU
		{FBB71CC6-E48C-483D-A3D6-3B19F3FF1FCA}.Debug|x86.ActiveCfg = Debug|Any CPU
		{FBB71CC6-E48C-483D-A3D6-3B19F3FF1FCA}.Debug|x86.Build.0 = Debug|Any CPU
		{FBB71CC6-E48C-483D-A3D6-3B19F3FF1FCA}.Release|Any CPU.ActiveCfg = Release|Any CPU
		{FBB71CC6-E48C-483D-A3D6-3B19F3FF1FCA}.Release|Any CPU.Build.0 = Release|Any CPU
		{FBB71CC6-E48C-483D-A3D6-3B19F3FF1FCA}.Release|Mixed Platforms.ActiveCfg = Release|Any CPU
		{FBB71CC6-E48C-483D-A3D6-3B19F3FF1FCA}.Release|Mixed Platforms.Build.0 = Release|Any CPU
		{FBB71CC6-E48C-483D-A3D6-3B19F3FF1FCA}.Release|x86.ActiveCfg = Release|Any CPU
		{279C6CE3-C71E-455B-9056-A67BEC887150}.Debug|Any CPU.ActiveCfg = Debug|x86
		{279C6CE3-C71E-455B-9056-A67BEC887150}.Debug|Mixed Platforms.ActiveCfg = Debug|x86
		{279C6CE3-C71E-455B-9056-A67BEC887150}.Debug|Mixed Platforms.Build.0 = Debug|x86
		{279C6CE3-C71E-455B-9056-A67BEC887150}.Debug|x86.ActiveCfg = Debug|x86
		{279C6CE3-C71E-455B-9056-A67BEC887150}.Debug|x86.Build.0 = Debug|x86
		{279C6CE3-C71E-455B-9056-A67BEC887150}.Release|Any CPU.ActiveCfg = Release|x86
		{279C6CE3-C71E-455B-9056-A67BEC887150}.Release|Any CPU.Build.0 = Release|x86
		{279C6CE3-C71E-455B-9056-A67BEC887150}.Release|Mixed Platforms.ActiveCfg = Release|x86
		{279C6CE3-C71E-455B-9056-A67BEC887150}.Release|Mixed Platforms.Build.0 = Release|x86
		{279C6CE3-C71E-455B-9056-A67BEC887150}.Release|x86.ActiveCfg = Release|x86
		{279C6CE3-C71E-455B-9056-A67BEC887150}.Release|x86.Build.0 = Release|x86
		{17030B13-7AD0-48B2-B3D7-9F2FFDEF3AE2}.Debug|Any CPU.ActiveCfg = Debug|x86
		{17030B13-7AD0-48B2-B3D7-9F2FFDEF3AE2}.Debug|Mixed Platforms.ActiveCfg = Debug|x86
		{17030B13-7AD0-48B2-B3D7-9F2FFDEF3AE2}.Debug|Mixed Platforms.Build.0 = Debug|x86
		{17030B13-7AD0-48B2-B3D7-9F2FFDEF3AE2}.Debug|x86.ActiveCfg = Debug|x86
		{17030B13-7AD0-48B2-B3D7-9F2FFDEF3AE2}.Debug|x86.Build.0 = Debug|x86
		{17030B13-7AD0-48B2-B3D7-9F2FFDEF3AE2}.Release|Any CPU.ActiveCfg = Release|x86
		{17030B13-7AD0-48B2-B3D7-9F2FFDEF3AE2}.Release|Mixed Platforms.ActiveCfg = Release|x86
		{17030B13-7AD0-48B2-B3D7-9F2FFDEF3AE2}.Release|Mixed Platforms.Build.0 = Release|x86
		{17030B13-7AD0-48B2-B3D7-9F2FFDEF3AE2}.Release|x86.ActiveCfg = Release|x86
		{17030B13-7AD0-48B2-B3D7-9F2FFDEF3AE2}.Release|x86.Build.0 = Release|x86
		{19000E95-AAD7-4077-803D-DEE8D6D7EE68}.Debug|Any CPU.ActiveCfg = Debug|x86
		{19000E95-AAD7-4077-803D-DEE8D6D7EE68}.Debug|Mixed Platforms.ActiveCfg = Debug|x86
		{19000E95-AAD7-4077-803D-DEE8D6D7EE68}.Debug|Mixed Platforms.Build.0 = Debug|x86
		{19000E95-AAD7-4077-803D-DEE8D6D7EE68}.Debug|x86.ActiveCfg = Debug|x86
		{19000E95-AAD7-4077-803D-DEE8D6D7EE68}.Debug|x86.Build.0 = Debug|x86
		{19000E95-AAD7-4077-803D-DEE8D6D7EE68}.Release|Any CPU.ActiveCfg = Release|x86
		{19000E95-AAD7-4077-803D-DEE8D6D7EE68}.Release|Mixed Platforms.ActiveCfg = Release|x86
		{19000E95-AAD7-4077-803D-DEE8D6D7EE68}.Release|Mixed Platforms.Build.0 = Release|x86
		{19000E95-AAD7-4077-803D-DEE8D6D7EE68}.Release|x86.ActiveCfg = Release|x86
		{19000E95-AAD7-4077-803D-DEE8D6D7EE68}.Release|x86.Build.0 = Release|x86
		{A12EA1DD-0873-42CE-BC20-FE0F0B2D04B9}.Debug|Any CPU.ActiveCfg = Debug|Any CPU
		{A12EA1DD-0873-42CE-BC20-FE0F0B2D04B9}.Debug|Any CPU.Build.0 = Debug|Any CPU
		{A12EA1DD-0873-42CE-BC20-FE0F0B2D04B9}.Debug|Mixed Platforms.ActiveCfg = Debug|Any CPU
		{A12EA1DD-0873-42CE-BC20-FE0F0B2D04B9}.Debug|Mixed Platforms.Build.0 = Debug|Any CPU
		{A12EA1DD-0873-42CE-BC20-FE0F0B2D04B9}.Debug|x86.ActiveCfg = Debug|Any CPU
		{A12EA1DD-0873-42CE-BC20-FE0F0B2D04B9}.Debug|x86.Build.0 = Debug|Any CPU
		{A12EA1DD-0873-42CE-BC20-FE0F0B2D04B9}.Release|Any CPU.ActiveCfg = Release|Any CPU
		{A12EA1DD-0873-42CE-BC20-FE0F0B2D04B9}.Release|Any CPU.Build.0 = Release|Any CPU
		{A12EA1DD-0873-42CE-BC20-FE0F0B2D04B9}.Release|Mixed Platforms.ActiveCfg = Release|Any CPU
		{A12EA1DD-0873-42CE-BC20-FE0F0B2D04B9}.Release|Mixed Platforms.Build.0 = Release|Any CPU
		{A12EA1DD-0873-42CE-BC20-FE0F0B2D04B9}.Release|x86.ActiveCfg = Release|Any CPU
		{9ED402D7-9753-4198-A97D-DC36253C1FD3}.Debug|Any CPU.ActiveCfg = Debug|Any CPU
		{9ED402D7-9753-4198-A97D-DC36253C1FD3}.Debug|Any CPU.Build.0 = Debug|Any CPU
		{9ED402D7-9753-4198-A97D-DC36253C1FD3}.Debug|Mixed Platforms.ActiveCfg = Debug|Any CPU
		{9ED402D7-9753-4198-A97D-DC36253C1FD3}.Debug|Mixed Platforms.Build.0 = Debug|Any CPU
		{9ED402D7-9753-4198-A97D-DC36253C1FD3}.Debug|x86.ActiveCfg = Debug|Any CPU
		{9ED402D7-9753-4198-A97D-DC36253C1FD3}.Debug|x86.Build.0 = Debug|Any CPU
		{9ED402D7-9753-4198-A97D-DC36253C1FD3}.Release|Any CPU.ActiveCfg = Release|Any CPU
		{9ED402D7-9753-4198-A97D-DC36253C1FD3}.Release|Any CPU.Build.0 = Release|Any CPU
		{9ED402D7-9753-4198-A97D-DC36253C1FD3}.Release|Mixed Platforms.ActiveCfg = Release|Any CPU
		{9ED402D7-9753-4198-A97D-DC36253C1FD3}.Release|Mixed Platforms.Build.0 = Release|Any CPU
		{9ED402D7-9753-4198-A97D-DC36253C1FD3}.Release|x86.ActiveCfg = Release|Any CPU
		{470BFD47-3B62-468D-9C9A-2F3B501FF502}.Debug|Any CPU.ActiveCfg = Debug|Any CPU
		{470BFD47-3B62-468D-9C9A-2F3B501FF502}.Debug|Any CPU.Build.0 = Debug|Any CPU
		{470BFD47-3B62-468D-9C9A-2F3B501FF502}.Debug|Mixed Platforms.ActiveCfg = Debug|Any CPU
		{470BFD47-3B62-468D-9C9A-2F3B501FF502}.Debug|Mixed Platforms.Build.0 = Debug|Any CPU
		{470BFD47-3B62-468D-9C9A-2F3B501FF502}.Debug|x86.ActiveCfg = Debug|Any CPU
		{470BFD47-3B62-468D-9C9A-2F3B501FF502}.Debug|x86.Build.0 = Debug|Any CPU
		{470BFD47-3B62-468D-9C9A-2F3B501FF502}.Release|Any CPU.ActiveCfg = Release|Any CPU
		{470BFD47-3B62-468D-9C9A-2F3B501FF502}.Release|Any CPU.Build.0 = Release|Any CPU
		{470BFD47-3B62-468D-9C9A-2F3B501FF502}.Release|Mixed Platforms.ActiveCfg = Release|Any CPU
		{470BFD47-3B62-468D-9C9A-2F3B501FF502}.Release|Mixed Platforms.Build.0 = Release|Any CPU
		{470BFD47-3B62-468D-9C9A-2F3B501FF502}.Release|x86.ActiveCfg = Release|Any CPU
		{5FA7A841-7B55-41A4-891A-BFCEE34D6287}.Debug|Any CPU.ActiveCfg = Debug|x86
		{5FA7A841-7B55-41A4-891A-BFCEE34D6287}.Debug|Any CPU.Build.0 = Debug|x86
		{5FA7A841-7B55-41A4-891A-BFCEE34D6287}.Debug|Mixed Platforms.ActiveCfg = Debug|x86
		{5FA7A841-7B55-41A4-891A-BFCEE34D6287}.Debug|Mixed Platforms.Build.0 = Debug|x86
		{5FA7A841-7B55-41A4-891A-BFCEE34D6287}.Debug|x86.ActiveCfg = Debug|x86
		{5FA7A841-7B55-41A4-891A-BFCEE34D6287}.Debug|x86.Build.0 = Debug|x86
		{5FA7A841-7B55-41A4-891A-BFCEE34D6287}.Release|Any CPU.ActiveCfg = Release|x86
		{5FA7A841-7B55-41A4-891A-BFCEE34D6287}.Release|Mixed Platforms.ActiveCfg = Release|x86
		{5FA7A841-7B55-41A4-891A-BFCEE34D6287}.Release|Mixed Platforms.Build.0 = Release|x86
		{5FA7A841-7B55-41A4-891A-BFCEE34D6287}.Release|x86.ActiveCfg = Release|x86
		{5FA7A841-7B55-41A4-891A-BFCEE34D6287}.Release|x86.Build.0 = Release|x86
		{F5B596BF-9173-4D64-8206-D73275457E7A}.Debug|Any CPU.ActiveCfg = Debug|Any CPU
		{F5B596BF-9173-4D64-8206-D73275457E7A}.Debug|Any CPU.Build.0 = Debug|Any CPU
		{F5B596BF-9173-4D64-8206-D73275457E7A}.Debug|Mixed Platforms.ActiveCfg = Debug|Any CPU
		{F5B596BF-9173-4D64-8206-D73275457E7A}.Debug|Mixed Platforms.Build.0 = Debug|Any CPU
		{F5B596BF-9173-4D64-8206-D73275457E7A}.Debug|x86.ActiveCfg = Debug|Any CPU
		{F5B596BF-9173-4D64-8206-D73275457E7A}.Debug|x86.Build.0 = Debug|Any CPU
		{F5B596BF-9173-4D64-8206-D73275457E7A}.Release|Any CPU.ActiveCfg = Release|Any CPU
		{F5B596BF-9173-4D64-8206-D73275457E7A}.Release|Any CPU.Build.0 = Release|Any CPU
		{F5B596BF-9173-4D64-8206-D73275457E7A}.Release|Mixed Platforms.ActiveCfg = Release|Any CPU
		{F5B596BF-9173-4D64-8206-D73275457E7A}.Release|Mixed Platforms.Build.0 = Release|Any CPU
		{F5B596BF-9173-4D64-8206-D73275457E7A}.Release|x86.ActiveCfg = Release|Any CPU
		{FA875F12-A182-4515-BE1F-B08014D4E842}.Debug|Any CPU.ActiveCfg = Debug|Any CPU
		{FA875F12-A182-4515-BE1F-B08014D4E842}.Debug|Any CPU.Build.0 = Debug|Any CPU
		{FA875F12-A182-4515-BE1F-B08014D4E842}.Debug|Mixed Platforms.ActiveCfg = Debug|Any CPU
		{FA875F12-A182-4515-BE1F-B08014D4E842}.Debug|Mixed Platforms.Build.0 = Debug|Any CPU
		{FA875F12-A182-4515-BE1F-B08014D4E842}.Debug|x86.ActiveCfg = Debug|Any CPU
		{FA875F12-A182-4515-BE1F-B08014D4E842}.Debug|x86.Build.0 = Debug|Any CPU
		{FA875F12-A182-4515-BE1F-B08014D4E842}.Release|Any CPU.ActiveCfg = Release|Any CPU
		{FA875F12-A182-4515-BE1F-B08014D4E842}.Release|Any CPU.Build.0 = Release|Any CPU
		{FA875F12-A182-4515-BE1F-B08014D4E842}.Release|Mixed Platforms.ActiveCfg = Release|Any CPU
		{FA875F12-A182-4515-BE1F-B08014D4E842}.Release|Mixed Platforms.Build.0 = Release|Any CPU
		{FA875F12-A182-4515-BE1F-B08014D4E842}.Release|x86.ActiveCfg = Release|Any CPU
		{64B59D3B-AE0B-472A-8819-B326BD7152A3}.Debug|Any CPU.ActiveCfg = Debug|Any CPU
		{64B59D3B-AE0B-472A-8819-B326BD7152A3}.Debug|Any CPU.Build.0 = Debug|Any CPU
		{64B59D3B-AE0B-472A-8819-B326BD7152A3}.Debug|Mixed Platforms.ActiveCfg = Debug|Any CPU
		{64B59D3B-AE0B-472A-8819-B326BD7152A3}.Debug|Mixed Platforms.Build.0 = Debug|Any CPU
		{64B59D3B-AE0B-472A-8819-B326BD7152A3}.Debug|x86.ActiveCfg = Debug|Any CPU
		{64B59D3B-AE0B-472A-8819-B326BD7152A3}.Debug|x86.Build.0 = Debug|Any CPU
		{64B59D3B-AE0B-472A-8819-B326BD7152A3}.Release|Any CPU.ActiveCfg = Release|Any CPU
		{64B59D3B-AE0B-472A-8819-B326BD7152A3}.Release|Any CPU.Build.0 = Release|Any CPU
		{64B59D3B-AE0B-472A-8819-B326BD7152A3}.Release|Mixed Platforms.ActiveCfg = Release|Any CPU
		{64B59D3B-AE0B-472A-8819-B326BD7152A3}.Release|Mixed Platforms.Build.0 = Release|Any CPU
		{64B59D3B-AE0B-472A-8819-B326BD7152A3}.Release|x86.ActiveCfg = Release|Any CPU
		{40744AE0-A1D6-41CC-963B-9F39001DE114}.Debug|Any CPU.ActiveCfg = Debug|Any CPU
		{40744AE0-A1D6-41CC-963B-9F39001DE114}.Debug|Any CPU.Build.0 = Debug|Any CPU
		{40744AE0-A1D6-41CC-963B-9F39001DE114}.Debug|Mixed Platforms.ActiveCfg = Debug|Any CPU
		{40744AE0-A1D6-41CC-963B-9F39001DE114}.Debug|Mixed Platforms.Build.0 = Debug|Any CPU
		{40744AE0-A1D6-41CC-963B-9F39001DE114}.Debug|x86.ActiveCfg = Debug|Any CPU
		{40744AE0-A1D6-41CC-963B-9F39001DE114}.Debug|x86.Build.0 = Debug|Any CPU
		{40744AE0-A1D6-41CC-963B-9F39001DE114}.Release|Any CPU.ActiveCfg = Release|Any CPU
		{40744AE0-A1D6-41CC-963B-9F39001DE114}.Release|Any CPU.Build.0 = Release|Any CPU
		{40744AE0-A1D6-41CC-963B-9F39001DE114}.Release|Mixed Platforms.ActiveCfg = Release|Any CPU
		{40744AE0-A1D6-41CC-963B-9F39001DE114}.Release|Mixed Platforms.Build.0 = Release|Any CPU
		{40744AE0-A1D6-41CC-963B-9F39001DE114}.Release|x86.ActiveCfg = Release|Any CPU
		{AF4996C0-9DA6-4D61-BBD9-2AE052806426}.Debug|Any CPU.ActiveCfg = Debug|Any CPU
		{AF4996C0-9DA6-4D61-BBD9-2AE052806426}.Debug|Any CPU.Build.0 = Debug|Any CPU
		{AF4996C0-9DA6-4D61-BBD9-2AE052806426}.Debug|Mixed Platforms.ActiveCfg = Debug|Any CPU
		{AF4996C0-9DA6-4D61-BBD9-2AE052806426}.Debug|Mixed Platforms.Build.0 = Debug|Any CPU
		{AF4996C0-9DA6-4D61-BBD9-2AE052806426}.Debug|x86.ActiveCfg = Debug|Any CPU
		{AF4996C0-9DA6-4D61-BBD9-2AE052806426}.Debug|x86.Build.0 = Debug|Any CPU
		{AF4996C0-9DA6-4D61-BBD9-2AE052806426}.Release|Any CPU.ActiveCfg = Release|Any CPU
		{AF4996C0-9DA6-4D61-BBD9-2AE052806426}.Release|Any CPU.Build.0 = Release|Any CPU
		{AF4996C0-9DA6-4D61-BBD9-2AE052806426}.Release|Mixed Platforms.ActiveCfg = Release|Any CPU
		{AF4996C0-9DA6-4D61-BBD9-2AE052806426}.Release|Mixed Platforms.Build.0 = Release|Any CPU
		{AF4996C0-9DA6-4D61-BBD9-2AE052806426}.Release|x86.ActiveCfg = Release|Any CPU
		{2B828584-ACAA-4E43-AE24-4F649FCC0BC3}.Debug|Any CPU.ActiveCfg = Debug|Any CPU
		{2B828584-ACAA-4E43-AE24-4F649FCC0BC3}.Debug|Any CPU.Build.0 = Debug|Any CPU
		{2B828584-ACAA-4E43-AE24-4F649FCC0BC3}.Debug|Mixed Platforms.ActiveCfg = Debug|Any CPU
		{2B828584-ACAA-4E43-AE24-4F649FCC0BC3}.Debug|Mixed Platforms.Build.0 = Debug|Any CPU
		{2B828584-ACAA-4E43-AE24-4F649FCC0BC3}.Debug|x86.ActiveCfg = Debug|Any CPU
		{2B828584-ACAA-4E43-AE24-4F649FCC0BC3}.Debug|x86.Build.0 = Debug|Any CPU
		{2B828584-ACAA-4E43-AE24-4F649FCC0BC3}.Release|Any CPU.ActiveCfg = Release|Any CPU
		{2B828584-ACAA-4E43-AE24-4F649FCC0BC3}.Release|Any CPU.Build.0 = Release|Any CPU
		{2B828584-ACAA-4E43-AE24-4F649FCC0BC3}.Release|Mixed Platforms.ActiveCfg = Release|Any CPU
		{2B828584-ACAA-4E43-AE24-4F649FCC0BC3}.Release|Mixed Platforms.Build.0 = Release|Any CPU
		{2B828584-ACAA-4E43-AE24-4F649FCC0BC3}.Release|x86.ActiveCfg = Release|Any CPU
		{AA168441-AEBF-4A5D-8F1C-01EBAE5C0C23}.Debug|Any CPU.ActiveCfg = Debug|Any CPU
		{AA168441-AEBF-4A5D-8F1C-01EBAE5C0C23}.Debug|Any CPU.Build.0 = Debug|Any CPU
		{AA168441-AEBF-4A5D-8F1C-01EBAE5C0C23}.Debug|Mixed Platforms.ActiveCfg = Debug|Any CPU
		{AA168441-AEBF-4A5D-8F1C-01EBAE5C0C23}.Debug|Mixed Platforms.Build.0 = Debug|Any CPU
		{AA168441-AEBF-4A5D-8F1C-01EBAE5C0C23}.Debug|x86.ActiveCfg = Debug|Any CPU
		{AA168441-AEBF-4A5D-8F1C-01EBAE5C0C23}.Debug|x86.Build.0 = Debug|Any CPU
		{AA168441-AEBF-4A5D-8F1C-01EBAE5C0C23}.Release|Any CPU.ActiveCfg = Release|Any CPU
		{AA168441-AEBF-4A5D-8F1C-01EBAE5C0C23}.Release|Any CPU.Build.0 = Release|Any CPU
		{AA168441-AEBF-4A5D-8F1C-01EBAE5C0C23}.Release|Mixed Platforms.ActiveCfg = Release|Any CPU
		{AA168441-AEBF-4A5D-8F1C-01EBAE5C0C23}.Release|Mixed Platforms.Build.0 = Release|Any CPU
		{AA168441-AEBF-4A5D-8F1C-01EBAE5C0C23}.Release|x86.ActiveCfg = Release|Any CPU
		{A284065F-B6F8-4373-BA92-FABBB483C8FB}.Debug|Any CPU.ActiveCfg = Debug|x86
		{A284065F-B6F8-4373-BA92-FABBB483C8FB}.Debug|Mixed Platforms.ActiveCfg = Debug|x86
		{A284065F-B6F8-4373-BA92-FABBB483C8FB}.Debug|Mixed Platforms.Build.0 = Debug|x86
		{A284065F-B6F8-4373-BA92-FABBB483C8FB}.Debug|x86.ActiveCfg = Debug|x86
		{A284065F-B6F8-4373-BA92-FABBB483C8FB}.Debug|x86.Build.0 = Debug|x86
		{A284065F-B6F8-4373-BA92-FABBB483C8FB}.Release|Any CPU.ActiveCfg = Release|x86
		{A284065F-B6F8-4373-BA92-FABBB483C8FB}.Release|Mixed Platforms.ActiveCfg = Release|x86
		{A284065F-B6F8-4373-BA92-FABBB483C8FB}.Release|Mixed Platforms.Build.0 = Release|x86
		{A284065F-B6F8-4373-BA92-FABBB483C8FB}.Release|x86.ActiveCfg = Release|x86
		{A284065F-B6F8-4373-BA92-FABBB483C8FB}.Release|x86.Build.0 = Release|x86
		{AC4BBE11-B963-41BE-A2BF-9FB5535CB0AD}.Debug|Any CPU.ActiveCfg = Debug|Any CPU
		{AC4BBE11-B963-41BE-A2BF-9FB5535CB0AD}.Debug|Any CPU.Build.0 = Debug|Any CPU
		{AC4BBE11-B963-41BE-A2BF-9FB5535CB0AD}.Debug|Mixed Platforms.ActiveCfg = Debug|Any CPU
		{AC4BBE11-B963-41BE-A2BF-9FB5535CB0AD}.Debug|Mixed Platforms.Build.0 = Debug|Any CPU
		{AC4BBE11-B963-41BE-A2BF-9FB5535CB0AD}.Debug|x86.ActiveCfg = Debug|Any CPU
		{AC4BBE11-B963-41BE-A2BF-9FB5535CB0AD}.Debug|x86.Build.0 = Debug|Any CPU
		{AC4BBE11-B963-41BE-A2BF-9FB5535CB0AD}.Release|Any CPU.ActiveCfg = Release|Any CPU
		{AC4BBE11-B963-41BE-A2BF-9FB5535CB0AD}.Release|Any CPU.Build.0 = Release|Any CPU
		{AC4BBE11-B963-41BE-A2BF-9FB5535CB0AD}.Release|Mixed Platforms.ActiveCfg = Release|Any CPU
		{AC4BBE11-B963-41BE-A2BF-9FB5535CB0AD}.Release|Mixed Platforms.Build.0 = Release|Any CPU
		{AC4BBE11-B963-41BE-A2BF-9FB5535CB0AD}.Release|x86.ActiveCfg = Release|Any CPU
		{8A636A4A-21D9-4C6B-8F83-A01A842600B9}.Debug|Any CPU.ActiveCfg = Debug|Any CPU
		{8A636A4A-21D9-4C6B-8F83-A01A842600B9}.Debug|Any CPU.Build.0 = Debug|Any CPU
		{8A636A4A-21D9-4C6B-8F83-A01A842600B9}.Debug|Mixed Platforms.ActiveCfg = Debug|Any CPU
		{8A636A4A-21D9-4C6B-8F83-A01A842600B9}.Debug|Mixed Platforms.Build.0 = Debug|Any CPU
		{8A636A4A-21D9-4C6B-8F83-A01A842600B9}.Debug|x86.ActiveCfg = Debug|Any CPU
		{8A636A4A-21D9-4C6B-8F83-A01A842600B9}.Debug|x86.Build.0 = Debug|Any CPU
		{8A636A4A-21D9-4C6B-8F83-A01A842600B9}.Release|Any CPU.ActiveCfg = Release|Any CPU
		{8A636A4A-21D9-4C6B-8F83-A01A842600B9}.Release|Any CPU.Build.0 = Release|Any CPU
		{8A636A4A-21D9-4C6B-8F83-A01A842600B9}.Release|Mixed Platforms.ActiveCfg = Release|Any CPU
		{8A636A4A-21D9-4C6B-8F83-A01A842600B9}.Release|Mixed Platforms.Build.0 = Release|Any CPU
		{8A636A4A-21D9-4C6B-8F83-A01A842600B9}.Release|x86.ActiveCfg = Release|Any CPU
	EndGlobalSection
	GlobalSection(SolutionProperties) = preSolution
		HideSolutionNode = FALSE
	EndGlobalSection
	GlobalSection(NestedProjects) = preSolution
		{7E364628-6531-4BCA-A074-302756CB772D} = {124830AF-7F31-4407-AF52-A44105A2E44A}
		{7A75459D-5250-4302-83DB-3A376CD6F16A} = {124830AF-7F31-4407-AF52-A44105A2E44A}
		{DB52A576-494B-4E0B-B365-F93B94BED8DC} = {124830AF-7F31-4407-AF52-A44105A2E44A}
		{470BFD47-3B62-468D-9C9A-2F3B501FF502} = {124830AF-7F31-4407-AF52-A44105A2E44A}
		{FA875F12-A182-4515-BE1F-B08014D4E842} = {124830AF-7F31-4407-AF52-A44105A2E44A}
		{AC4BBE11-B963-41BE-A2BF-9FB5535CB0AD} = {124830AF-7F31-4407-AF52-A44105A2E44A}
		{8A636A4A-21D9-4C6B-8F83-A01A842600B9} = {124830AF-7F31-4407-AF52-A44105A2E44A}
		{90AEBC71-27DD-4620-9B3C-234483E6B024} = {F597E026-1B7C-46F5-8462-D817BF878CA5}
		{21773E49-CB1C-4346-A598-535F7A96FDB3} = {F597E026-1B7C-46F5-8462-D817BF878CA5}
		{890332AF-A755-40F1-B95A-B20CB45EB465} = {F597E026-1B7C-46F5-8462-D817BF878CA5}
		{DF2B4873-DDAB-4F47-9C4F-5B93FE1214CF} = {F597E026-1B7C-46F5-8462-D817BF878CA5}
		{FBB71CC6-E48C-483D-A3D6-3B19F3FF1FCA} = {F597E026-1B7C-46F5-8462-D817BF878CA5}
		{F5B596BF-9173-4D64-8206-D73275457E7A} = {F597E026-1B7C-46F5-8462-D817BF878CA5}
		{A12EA1DD-0873-42CE-BC20-FE0F0B2D04B9} = {B0D6696F-1F59-4983-840F-579EA21B2F1D}
		{9ED402D7-9753-4198-A97D-DC36253C1FD3} = {C9ACADB8-4B37-4B87-B306-2B5FEBC1579A}
		{64B59D3B-AE0B-472A-8819-B326BD7152A3} = {C9ACADB8-4B37-4B87-B306-2B5FEBC1579A}
		{40744AE0-A1D6-41CC-963B-9F39001DE114} = {C9ACADB8-4B37-4B87-B306-2B5FEBC1579A}
		{279C6CE3-C71E-455B-9056-A67BEC887150} = {775F7750-357A-43AB-BA15-8D6BC0381BFF}
		{17030B13-7AD0-48B2-B3D7-9F2FFDEF3AE2} = {775F7750-357A-43AB-BA15-8D6BC0381BFF}
		{19000E95-AAD7-4077-803D-DEE8D6D7EE68} = {775F7750-357A-43AB-BA15-8D6BC0381BFF}
		{5FA7A841-7B55-41A4-891A-BFCEE34D6287} = {775F7750-357A-43AB-BA15-8D6BC0381BFF}
		{A284065F-B6F8-4373-BA92-FABBB483C8FB} = {775F7750-357A-43AB-BA15-8D6BC0381BFF}
		{804A76D3-3FF8-4FCC-B470-CF7B1EDE1424} = {775F7750-357A-43AB-BA15-8D6BC0381BFF}
		{AF4996C0-9DA6-4D61-BBD9-2AE052806426} = {675CC0BE-562D-4302-A16C-6AD0131F22E3}
		{2B828584-ACAA-4E43-AE24-4F649FCC0BC3} = {675CC0BE-562D-4302-A16C-6AD0131F22E3}
		{AA168441-AEBF-4A5D-8F1C-01EBAE5C0C23} = {675CC0BE-562D-4302-A16C-6AD0131F22E3}
	EndGlobalSection
EndGlobal
